
Microsoft Visual Studio Solution File, Format Version 12.00
# Visual Studio Version 17
VisualStudioVersion = 17.11.35303.130
MinimumVisualStudioVersion = 10.0.40219.1
Project("{2150E333-8FDC-42A3-9474-1A3956D46DE8}") = "Task0", "Task0", "{2DA368EE-6410-4B90-AC15-AF29DFB7ECBE}"
EndProject
Project("{FAE04EC0-301F-11D3-BF4B-00C04F79EFBC}") = "Tyuiu.FilatovDK.Sprint1.Task0.V28", "Tyuiu.FilatovDK.Sprint1.Task0.V28\Tyuiu.FilatovDK.Sprint1.Task0.V28.csproj", "{7B1CFAD6-E601-40B3-8E81-BB020C014F9A}"
EndProject
Project("{FAE04EC0-301F-11D3-BF4B-00C04F79EFBC}") = "Tyuiu.FilatovDK.Sprint1.Task0.V28.Lib", "Tyuiu.FilatovDK.Sprint1.Task0.V28.Lib\Tyuiu.FilatovDK.Sprint1.Task0.V28.Lib.csproj", "{3FB9E22D-A1FC-456E-A074-FB3334FA0DBE}"
EndProject
Project("{FAE04EC0-301F-11D3-BF4B-00C04F79EFBC}") = "Tyuiu.FilatovDK.Sprint1.Task0.V28.Test", "Tyuiu.FilatovDK.Sprint1.Task0.V28.Test\Tyuiu.FilatovDK.Sprint1.Task0.V28.Test.csproj", "{3B5F59F0-A7D6-48BC-9544-C490E770EE68}"
EndProject
Project("{2150E333-8FDC-42A3-9474-1A3956D46DE8}") = "Task1", "Task1", "{B684DDD7-06AF-43F5-B273-AFAE6865113D}"
EndProject
Project("{FAE04EC0-301F-11D3-BF4B-00C04F79EFBC}") = "Tyuiu.FilatovDK.Sprint1.Task1.V5", "Tyuiu.FilatovDK.Sprint1.Task1.V5\Tyuiu.FilatovDK.Sprint1.Task1.V5.csproj", "{68E6C442-5A59-4921-809B-12C1547D04CF}"
EndProject
Project("{FAE04EC0-301F-11D3-BF4B-00C04F79EFBC}") = "Tyuiu.FilatovDK.Sprint1.Task1.V5.Lib", "Tyuiu.FilatovDK.Sprint1.Task1.V5.Lib\Tyuiu.FilatovDK.Sprint1.Task1.V5.Lib.csproj", "{A40E6CA0-D2AA-490C-AED6-4182DAB70399}"
EndProject
Project("{FAE04EC0-301F-11D3-BF4B-00C04F79EFBC}") = "Tyuiu.FilatovDK.Sprint1.Task1.V5.Test", "Tyuiu.FilatovDK.Sprint1.Task1.V5.Test\Tyuiu.FilatovDK.Sprint1.Task1.V5.Test.csproj", "{0AD6E829-DF9E-4930-9D54-AB8B2186BF24}"
EndProject
Project("{2150E333-8FDC-42A3-9474-1A3956D46DE8}") = "Task2", "Task2", "{3A331553-3F8E-4F9F-9967-A32DF95EE803}"
EndProject
Project("{FAE04EC0-301F-11D3-BF4B-00C04F79EFBC}") = "Tyuiu.FilatovDK.Sprint1.Task2.V8", "Tyuiu.FilatovDK.Sprint1.Task2.V8\Tyuiu.FilatovDK.Sprint1.Task2.V8.csproj", "{B7567A99-3F5E-4F20-AC6D-ABEA4559CA1B}"
EndProject
Project("{FAE04EC0-301F-11D3-BF4B-00C04F79EFBC}") = "Tyuiu.FilatovDK.Sprint1.Task2.V8.Lib", "Tyuiu.FilatovDK.Sprint1.Task2.V8.Lib\Tyuiu.FilatovDK.Sprint1.Task2.V8.Lib.csproj", "{3642EDF4-1DE1-43C3-93A9-31DF3AB7688D}"
EndProject
Project("{FAE04EC0-301F-11D3-BF4B-00C04F79EFBC}") = "Tyuiu.FilatovDK.Sprint1.Task2.V8.Test", "Tyuiu.FilatovDK.Sprint1.Task2.V8.Test\Tyuiu.FilatovDK.Sprint1.Task2.V8.Test.csproj", "{E7FFA67A-BE29-4E8A-8231-0380BBFD1352}"
EndProject
Project("{2150E333-8FDC-42A3-9474-1A3956D46DE8}") = "Task3", "Task3", "{7BBFEFAA-5676-457A-A2B6-D05D0AC602B7}"
EndProject
Project("{FAE04EC0-301F-11D3-BF4B-00C04F79EFBC}") = "Tyuiu.FilatovDK.Sprint1.Task3.V15", "Tyuiu.FilatovDK.Sprint1.Task3.V15\Tyuiu.FilatovDK.Sprint1.Task3.V15.csproj", "{B410AD19-9A1F-4217-9114-7757FE06DD02}"
EndProject
Project("{FAE04EC0-301F-11D3-BF4B-00C04F79EFBC}") = "Tyuiu.FilatovDK.Sprint1.Task3.V15.Lib", "Tyuiu.FilatovDK.Sprint1.Task3.V15.Lib\Tyuiu.FilatovDK.Sprint1.Task3.V15.Lib.csproj", "{43C5BE27-0F50-4B90-A5A1-C8DB8CBCA2B1}"
EndProject
Project("{FAE04EC0-301F-11D3-BF4B-00C04F79EFBC}") = "Tyuiu.FilatovDK.Sprint1.Task3.V15.Test", "Tyuiu.FilatovDK.Sprint1.Task3.V15.Test\Tyuiu.FilatovDK.Sprint1.Task3.V15.Test.csproj", "{AFDE5BAB-CBF7-4F73-B33F-A948BA2DEAA3}"
EndProject
Project("{2150E333-8FDC-42A3-9474-1A3956D46DE8}") = "Task4", "Task4", "{AD029863-BB7A-4E26-9D28-44D2EA611369}"
EndProject
Project("{FAE04EC0-301F-11D3-BF4B-00C04F79EFBC}") = "Tyuiu.FilatovDK.Sprint1.Task4.V4", "Tyuiu.FilatovDK.Sprint1.Task4.V4\Tyuiu.FilatovDK.Sprint1.Task4.V4.csproj", "{A86A61D8-2B87-480D-AEF2-6B574E4852BE}"
EndProject
Project("{FAE04EC0-301F-11D3-BF4B-00C04F79EFBC}") = "Tyuiu.FilatovDK.Sprint1.Task4.V4.Lib", "Tyuiu.FilatovDK.Sprint1.Task4.V4.Lib\Tyuiu.FilatovDK.Sprint1.Task4.V4.Lib.csproj", "{AD6E3CA6-5A0F-448D-84A7-EDC3C5292304}"
EndProject
Project("{FAE04EC0-301F-11D3-BF4B-00C04F79EFBC}") = "Tyuiu.FilatovDK.Sprint1.Task4.V4.Test", "Tyuiu.FilatovDK.Sprint1.Task4.V4.Test\Tyuiu.FilatovDK.Sprint1.Task4.V4.Test.csproj", "{FA4C8771-4E27-4C56-B0A3-ECF2413146BF}"
EndProject
Project("{2150E333-8FDC-42A3-9474-1A3956D46DE8}") = "Task5", "Task5", "{F8841989-050B-498E-926B-7E62D8A6F5A6}"
EndProject
Project("{FAE04EC0-301F-11D3-BF4B-00C04F79EFBC}") = "Tyuiu.FilatovDK.Sprint1.Task5.V7", "Tyuiu.FilatovDK.Sprint1.Task5.V7\Tyuiu.FilatovDK.Sprint1.Task5.V7.csproj", "{614A9B28-96C3-41F1-92CF-9F430EAA4BE9}"
EndProject
Project("{FAE04EC0-301F-11D3-BF4B-00C04F79EFBC}") = "Tyuiu.FilatovDK.Sprint1.Task5.V7.Lib", "Tyuiu.FilatovDK.Sprint1.Task5.V7.Lib\Tyuiu.FilatovDK.Sprint1.Task5.V7.Lib.csproj", "{E1F20A7C-C0CF-423B-9E50-D3B72239261E}"
EndProject
Project("{FAE04EC0-301F-11D3-BF4B-00C04F79EFBC}") = "Tyuiu.FilatovDK.Sprint1.Task5.V7.Test", "Tyuiu.FilatovDK.Sprint1.Task5.V7.Test\Tyuiu.FilatovDK.Sprint1.Task5.V7.Test.csproj", "{300E9229-9BD7-4900-B270-338A2644424A}"
EndProject
Project("{2150E333-8FDC-42A3-9474-1A3956D46DE8}") = "Task6", "Task6", "{5CD27E3A-40F6-4844-A331-C2C7A81204F1}"
EndProject
Project("{FAE04EC0-301F-11D3-BF4B-00C04F79EFBC}") = "Tyuiu.FilatovDK.Sprint1.Task6.V18", "Tyuiu.FilatovDK.Sprint1.Task6.V18\Tyuiu.FilatovDK.Sprint1.Task6.V18.csproj", "{C6D20E26-1EA9-408C-BD66-A763BBB11216}"
EndProject
Project("{FAE04EC0-301F-11D3-BF4B-00C04F79EFBC}") = "Tyuiu.FilatovDK.Sprint1.Task6.V18.Lib", "Tyuiu.FilatovDK.Sprint1.Task6.V18.Lib\Tyuiu.FilatovDK.Sprint1.Task6.V18.Lib.csproj", "{5BAD84FA-3D25-482F-B6E9-3872B2F1B7A0}"
EndProject
Project("{FAE04EC0-301F-11D3-BF4B-00C04F79EFBC}") = "Tyuiu.FilatovDK.Sprint1.Task6.V18.Test", "Tyuiu.FilatovDK.Sprint1.Task6.V18.Test\Tyuiu.FilatovDK.Sprint1.Task6.V18.Test.csproj", "{6E723CE1-34F7-41E0-AF95-61959FD0C914}"
EndProject
Global
	GlobalSection(SolutionConfigurationPlatforms) = preSolution
		Debug|Any CPU = Debug|Any CPU
		Release|Any CPU = Release|Any CPU
	EndGlobalSection
	GlobalSection(ProjectConfigurationPlatforms) = postSolution
		{7B1CFAD6-E601-40B3-8E81-BB020C014F9A}.Debug|Any CPU.ActiveCfg = Debug|Any CPU
		{7B1CFAD6-E601-40B3-8E81-BB020C014F9A}.Debug|Any CPU.Build.0 = Debug|Any CPU
		{7B1CFAD6-E601-40B3-8E81-BB020C014F9A}.Release|Any CPU.ActiveCfg = Release|Any CPU
		{7B1CFAD6-E601-40B3-8E81-BB020C014F9A}.Release|Any CPU.Build.0 = Release|Any CPU
		{3FB9E22D-A1FC-456E-A074-FB3334FA0DBE}.Debug|Any CPU.ActiveCfg = Debug|Any CPU
		{3FB9E22D-A1FC-456E-A074-FB3334FA0DBE}.Debug|Any CPU.Build.0 = Debug|Any CPU
		{3FB9E22D-A1FC-456E-A074-FB3334FA0DBE}.Release|Any CPU.ActiveCfg = Release|Any CPU
		{3FB9E22D-A1FC-456E-A074-FB3334FA0DBE}.Release|Any CPU.Build.0 = Release|Any CPU
		{3B5F59F0-A7D6-48BC-9544-C490E770EE68}.Debug|Any CPU.ActiveCfg = Debug|Any CPU
		{3B5F59F0-A7D6-48BC-9544-C490E770EE68}.Debug|Any CPU.Build.0 = Debug|Any CPU
		{3B5F59F0-A7D6-48BC-9544-C490E770EE68}.Release|Any CPU.ActiveCfg = Release|Any CPU
		{3B5F59F0-A7D6-48BC-9544-C490E770EE68}.Release|Any CPU.Build.0 = Release|Any CPU
		{68E6C442-5A59-4921-809B-12C1547D04CF}.Debug|Any CPU.ActiveCfg = Debug|Any CPU
		{68E6C442-5A59-4921-809B-12C1547D04CF}.Debug|Any CPU.Build.0 = Debug|Any CPU
		{68E6C442-5A59-4921-809B-12C1547D04CF}.Release|Any CPU.ActiveCfg = Release|Any CPU
		{68E6C442-5A59-4921-809B-12C1547D04CF}.Release|Any CPU.Build.0 = Release|Any CPU
		{A40E6CA0-D2AA-490C-AED6-4182DAB70399}.Debug|Any CPU.ActiveCfg = Debug|Any CPU
		{A40E6CA0-D2AA-490C-AED6-4182DAB70399}.Debug|Any CPU.Build.0 = Debug|Any CPU
		{A40E6CA0-D2AA-490C-AED6-4182DAB70399}.Release|Any CPU.ActiveCfg = Release|Any CPU
		{A40E6CA0-D2AA-490C-AED6-4182DAB70399}.Release|Any CPU.Build.0 = Release|Any CPU
		{0AD6E829-DF9E-4930-9D54-AB8B2186BF24}.Debug|Any CPU.ActiveCfg = Debug|Any CPU
		{0AD6E829-DF9E-4930-9D54-AB8B2186BF24}.Debug|Any CPU.Build.0 = Debug|Any CPU
		{0AD6E829-DF9E-4930-9D54-AB8B2186BF24}.Release|Any CPU.ActiveCfg = Release|Any CPU
		{0AD6E829-DF9E-4930-9D54-AB8B2186BF24}.Release|Any CPU.Build.0 = Release|Any CPU
		{B7567A99-3F5E-4F20-AC6D-ABEA4559CA1B}.Debug|Any CPU.ActiveCfg = Debug|Any CPU
		{B7567A99-3F5E-4F20-AC6D-ABEA4559CA1B}.Debug|Any CPU.Build.0 = Debug|Any CPU
		{B7567A99-3F5E-4F20-AC6D-ABEA4559CA1B}.Release|Any CPU.ActiveCfg = Release|Any CPU
		{B7567A99-3F5E-4F20-AC6D-ABEA4559CA1B}.Release|Any CPU.Build.0 = Release|Any CPU
		{3642EDF4-1DE1-43C3-93A9-31DF3AB7688D}.Debug|Any CPU.ActiveCfg = Debug|Any CPU
		{3642EDF4-1DE1-43C3-93A9-31DF3AB7688D}.Debug|Any CPU.Build.0 = Debug|Any CPU
		{3642EDF4-1DE1-43C3-93A9-31DF3AB7688D}.Release|Any CPU.ActiveCfg = Release|Any CPU
		{3642EDF4-1DE1-43C3-93A9-31DF3AB7688D}.Release|Any CPU.Build.0 = Release|Any CPU
		{E7FFA67A-BE29-4E8A-8231-0380BBFD1352}.Debug|Any CPU.ActiveCfg = Debug|Any CPU
		{E7FFA67A-BE29-4E8A-8231-0380BBFD1352}.Debug|Any CPU.Build.0 = Debug|Any CPU
		{E7FFA67A-BE29-4E8A-8231-0380BBFD1352}.Release|Any CPU.ActiveCfg = Release|Any CPU
		{E7FFA67A-BE29-4E8A-8231-0380BBFD1352}.Release|Any CPU.Build.0 = Release|Any CPU
		{B410AD19-9A1F-4217-9114-7757FE06DD02}.Debug|Any CPU.ActiveCfg = Debug|Any CPU
		{B410AD19-9A1F-4217-9114-7757FE06DD02}.Debug|Any CPU.Build.0 = Debug|Any CPU
		{B410AD19-9A1F-4217-9114-7757FE06DD02}.Release|Any CPU.ActiveCfg = Release|Any CPU
		{B410AD19-9A1F-4217-9114-7757FE06DD02}.Release|Any CPU.Build.0 = Release|Any CPU
		{43C5BE27-0F50-4B90-A5A1-C8DB8CBCA2B1}.Debug|Any CPU.ActiveCfg = Debug|Any CPU
		{43C5BE27-0F50-4B90-A5A1-C8DB8CBCA2B1}.Debug|Any CPU.Build.0 = Debug|Any CPU
		{43C5BE27-0F50-4B90-A5A1-C8DB8CBCA2B1}.Release|Any CPU.ActiveCfg = Release|Any CPU
		{43C5BE27-0F50-4B90-A5A1-C8DB8CBCA2B1}.Release|Any CPU.Build.0 = Release|Any CPU
		{AFDE5BAB-CBF7-4F73-B33F-A948BA2DEAA3}.Debug|Any CPU.ActiveCfg = Debug|Any CPU
		{AFDE5BAB-CBF7-4F73-B33F-A948BA2DEAA3}.Debug|Any CPU.Build.0 = Debug|Any CPU
		{AFDE5BAB-CBF7-4F73-B33F-A948BA2DEAA3}.Release|Any CPU.ActiveCfg = Release|Any CPU
		{AFDE5BAB-CBF7-4F73-B33F-A948BA2DEAA3}.Release|Any CPU.Build.0 = Release|Any CPU
		{A86A61D8-2B87-480D-AEF2-6B574E4852BE}.Debug|Any CPU.ActiveCfg = Debug|Any CPU
		{A86A61D8-2B87-480D-AEF2-6B574E4852BE}.Debug|Any CPU.Build.0 = Debug|Any CPU
		{A86A61D8-2B87-480D-AEF2-6B574E4852BE}.Release|Any CPU.ActiveCfg = Release|Any CPU
		{A86A61D8-2B87-480D-AEF2-6B574E4852BE}.Release|Any CPU.Build.0 = Release|Any CPU
		{AD6E3CA6-5A0F-448D-84A7-EDC3C5292304}.Debug|Any CPU.ActiveCfg = Debug|Any CPU
		{AD6E3CA6-5A0F-448D-84A7-EDC3C5292304}.Debug|Any CPU.Build.0 = Debug|Any CPU
		{AD6E3CA6-5A0F-448D-84A7-EDC3C5292304}.Release|Any CPU.ActiveCfg = Release|Any CPU
		{AD6E3CA6-5A0F-448D-84A7-EDC3C5292304}.Release|Any CPU.Build.0 = Release|Any CPU
		{FA4C8771-4E27-4C56-B0A3-ECF2413146BF}.Debug|Any CPU.ActiveCfg = Debug|Any CPU
		{FA4C8771-4E27-4C56-B0A3-ECF2413146BF}.Debug|Any CPU.Build.0 = Debug|Any CPU
		{FA4C8771-4E27-4C56-B0A3-ECF2413146BF}.Release|Any CPU.ActiveCfg = Release|Any CPU
		{FA4C8771-4E27-4C56-B0A3-ECF2413146BF}.Release|Any CPU.Build.0 = Release|Any CPU
		{614A9B28-96C3-41F1-92CF-9F430EAA4BE9}.Debug|Any CPU.ActiveCfg = Debug|Any CPU
		{614A9B28-96C3-41F1-92CF-9F430EAA4BE9}.Debug|Any CPU.Build.0 = Debug|Any CPU
		{614A9B28-96C3-41F1-92CF-9F430EAA4BE9}.Release|Any CPU.ActiveCfg = Release|Any CPU
		{614A9B28-96C3-41F1-92CF-9F430EAA4BE9}.Release|Any CPU.Build.0 = Release|Any CPU
		{E1F20A7C-C0CF-423B-9E50-D3B72239261E}.Debug|Any CPU.ActiveCfg = Debug|Any CPU
		{E1F20A7C-C0CF-423B-9E50-D3B72239261E}.Debug|Any CPU.Build.0 = Debug|Any CPU
		{E1F20A7C-C0CF-423B-9E50-D3B72239261E}.Release|Any CPU.ActiveCfg = Release|Any CPU
		{E1F20A7C-C0CF-423B-9E50-D3B72239261E}.Release|Any CPU.Build.0 = Release|Any CPU
		{300E9229-9BD7-4900-B270-338A2644424A}.Debug|Any CPU.ActiveCfg = Debug|Any CPU
		{300E9229-9BD7-4900-B270-338A2644424A}.Debug|Any CPU.Build.0 = Debug|Any CPU
		{300E9229-9BD7-4900-B270-338A2644424A}.Release|Any CPU.ActiveCfg = Release|Any CPU
		{300E9229-9BD7-4900-B270-338A2644424A}.Release|Any CPU.Build.0 = Release|Any CPU
		{C6D20E26-1EA9-408C-BD66-A763BBB11216}.Debug|Any CPU.ActiveCfg = Debug|Any CPU
		{C6D20E26-1EA9-408C-BD66-A763BBB11216}.Debug|Any CPU.Build.0 = Debug|Any CPU
		{C6D20E26-1EA9-408C-BD66-A763BBB11216}.Release|Any CPU.ActiveCfg = Release|Any CPU
		{C6D20E26-1EA9-408C-BD66-A763BBB11216}.Release|Any CPU.Build.0 = Release|Any CPU
		{5BAD84FA-3D25-482F-B6E9-3872B2F1B7A0}.Debug|Any CPU.ActiveCfg = Debug|Any CPU
		{5BAD84FA-3D25-482F-B6E9-3872B2F1B7A0}.Debug|Any CPU.Build.0 = Debug|Any CPU
		{5BAD84FA-3D25-482F-B6E9-3872B2F1B7A0}.Release|Any CPU.ActiveCfg = Release|Any CPU
		{5BAD84FA-3D25-482F-B6E9-3872B2F1B7A0}.Release|Any CPU.Build.0 = Release|Any CPU
		{6E723CE1-34F7-41E0-AF95-61959FD0C914}.Debug|Any CPU.ActiveCfg = Debug|Any CPU
		{6E723CE1-34F7-41E0-AF95-61959FD0C914}.Debug|Any CPU.Build.0 = Debug|Any CPU
		{6E723CE1-34F7-41E0-AF95-61959FD0C914}.Release|Any CPU.ActiveCfg = Release|Any CPU
		{6E723CE1-34F7-41E0-AF95-61959FD0C914}.Release|Any CPU.Build.0 = Release|Any CPU
	EndGlobalSection
	GlobalSection(SolutionProperties) = preSolution
		HideSolutionNode = FALSE
	EndGlobalSection
	GlobalSection(NestedProjects) = preSolution
		{7B1CFAD6-E601-40B3-8E81-BB020C014F9A} = {2DA368EE-6410-4B90-AC15-AF29DFB7ECBE}
		{3FB9E22D-A1FC-456E-A074-FB3334FA0DBE} = {2DA368EE-6410-4B90-AC15-AF29DFB7ECBE}
		{3B5F59F0-A7D6-48BC-9544-C490E770EE68} = {2DA368EE-6410-4B90-AC15-AF29DFB7ECBE}
		{68E6C442-5A59-4921-809B-12C1547D04CF} = {B684DDD7-06AF-43F5-B273-AFAE6865113D}
		{A40E6CA0-D2AA-490C-AED6-4182DAB70399} = {B684DDD7-06AF-43F5-B273-AFAE6865113D}
		{0AD6E829-DF9E-4930-9D54-AB8B2186BF24} = {B684DDD7-06AF-43F5-B273-AFAE6865113D}
		{B7567A99-3F5E-4F20-AC6D-ABEA4559CA1B} = {3A331553-3F8E-4F9F-9967-A32DF95EE803}
		{3642EDF4-1DE1-43C3-93A9-31DF3AB7688D} = {3A331553-3F8E-4F9F-9967-A32DF95EE803}
		{E7FFA67A-BE29-4E8A-8231-0380BBFD1352} = {3A331553-3F8E-4F9F-9967-A32DF95EE803}
		{B410AD19-9A1F-4217-9114-7757FE06DD02} = {7BBFEFAA-5676-457A-A2B6-D05D0AC602B7}
		{43C5BE27-0F50-4B90-A5A1-C8DB8CBCA2B1} = {7BBFEFAA-5676-457A-A2B6-D05D0AC602B7}
		{AFDE5BAB-CBF7-4F73-B33F-A948BA2DEAA3} = {7BBFEFAA-5676-457A-A2B6-D05D0AC602B7}
		{A86A61D8-2B87-480D-AEF2-6B574E4852BE} = {AD029863-BB7A-4E26-9D28-44D2EA611369}
		{AD6E3CA6-5A0F-448D-84A7-EDC3C5292304} = {AD029863-BB7A-4E26-9D28-44D2EA611369}
		{FA4C8771-4E27-4C56-B0A3-ECF2413146BF} = {AD029863-BB7A-4E26-9D28-44D2EA611369}
		{614A9B28-96C3-41F1-92CF-9F430EAA4BE9} = {F8841989-050B-498E-926B-7E62D8A6F5A6}
		{E1F20A7C-C0CF-423B-9E50-D3B72239261E} = {F8841989-050B-498E-926B-7E62D8A6F5A6}
		{300E9229-9BD7-4900-B270-338A2644424A} = {F8841989-050B-498E-926B-7E62D8A6F5A6}
		{C6D20E26-1EA9-408C-BD66-A763BBB11216} = {5CD27E3A-40F6-4844-A331-C2C7A81204F1}
		{5BAD84FA-3D25-482F-B6E9-3872B2F1B7A0} = {5CD27E3A-40F6-4844-A331-C2C7A81204F1}
		{6E723CE1-34F7-41E0-AF95-61959FD0C914} = {5CD27E3A-40F6-4844-A331-C2C7A81204F1}
	EndGlobalSection
	GlobalSection(ExtensibilityGlobals) = postSolution
		SolutionGuid = {1F35A4B7-865A-4D63-A4B6-031B1CC8EF0C}
	EndGlobalSection
EndGlobal
